// !$*UTF8*$!
{
	archiveVersion = 1;
	classes = {
	};
	objectVersion = 51;
	objects = {

/* Begin PBXBuildFile section */
		53336273248FCBD3001090CB /* AppDelegate.swift in Sources */ = {isa = PBXBuildFile; fileRef = 53336272248FCBD3001090CB /* AppDelegate.swift */; };
		53336275248FCBD3001090CB /* SceneDelegate.swift in Sources */ = {isa = PBXBuildFile; fileRef = 53336274248FCBD3001090CB /* SceneDelegate.swift */; };
		53336277248FCBD3001090CB /* ConversationsViewController.swift in Sources */ = {isa = PBXBuildFile; fileRef = 53336276248FCBD3001090CB /* ConversationsViewController.swift */; };
		5333627A248FCBD3001090CB /* Main.storyboard in Resources */ = {isa = PBXBuildFile; fileRef = 53336278248FCBD3001090CB /* Main.storyboard */; };
		5333627C248FCBD4001090CB /* Assets.xcassets in Resources */ = {isa = PBXBuildFile; fileRef = 5333627B248FCBD4001090CB /* Assets.xcassets */; };
		5333627F248FCBD4001090CB /* LaunchScreen.storyboard in Resources */ = {isa = PBXBuildFile; fileRef = 5333627D248FCBD4001090CB /* LaunchScreen.storyboard */; };
		5333628A248FCBD4001090CB /* MessengerTests.swift in Sources */ = {isa = PBXBuildFile; fileRef = 53336289248FCBD4001090CB /* MessengerTests.swift */; };
		53336295248FCBD4001090CB /* MessengerUITests.swift in Sources */ = {isa = PBXBuildFile; fileRef = 53336294248FCBD4001090CB /* MessengerUITests.swift */; };
		533362A9248FCE46001090CB /* LoginViewController.swift in Sources */ = {isa = PBXBuildFile; fileRef = 533362A8248FCE46001090CB /* LoginViewController.swift */; };
		533362AB248FCE55001090CB /* RegisterViewController.swift in Sources */ = {isa = PBXBuildFile; fileRef = 533362AA248FCE55001090CB /* RegisterViewController.swift */; };
		533362AD248FCE77001090CB /* PhotoViewerViewController.swift in Sources */ = {isa = PBXBuildFile; fileRef = 533362AC248FCE77001090CB /* PhotoViewerViewController.swift */; };
		533362AF248FCE84001090CB /* VideoPlayerViewController.swift in Sources */ = {isa = PBXBuildFile; fileRef = 533362AE248FCE84001090CB /* VideoPlayerViewController.swift */; };
		533362B1248FCE9D001090CB /* NewConversationViewController.swift in Sources */ = {isa = PBXBuildFile; fileRef = 533362B0248FCE9D001090CB /* NewConversationViewController.swift */; };
		533362B3248FCEB4001090CB /* ProfileViewController.swift in Sources */ = {isa = PBXBuildFile; fileRef = 533362B2248FCEB4001090CB /* ProfileViewController.swift */; };
		533362B6248FD579001090CB /* Extensions.swift in Sources */ = {isa = PBXBuildFile; fileRef = 533362B5248FD579001090CB /* Extensions.swift */; };
		534FB2652492677000DF32C3 /* GoogleService-Info.plist in Resources */ = {isa = PBXBuildFile; fileRef = 534FB2642492677000DF32C3 /* GoogleService-Info.plist */; };
		534FB2672493A1ED00DF32C3 /* DatabaseManager.swift in Sources */ = {isa = PBXBuildFile; fileRef = 534FB2662493A1ED00DF32C3 /* DatabaseManager.swift */; };
		5377C1F12497ABD7001913A2 /* ChatViewController.swift in Sources */ = {isa = PBXBuildFile; fileRef = 5377C1F02497ABD7001913A2 /* ChatViewController.swift */; };
		D6C2A533999A469E18BDE7A0 /* Pods_Messenger.framework in Frameworks */ = {isa = PBXBuildFile; fileRef = E406361E4EB96AC678305380 /* Pods_Messenger.framework */; };
/* End PBXBuildFile section */

/* Begin PBXContainerItemProxy section */
		53336286248FCBD4001090CB /* PBXContainerItemProxy */ = {
			isa = PBXContainerItemProxy;
			containerPortal = 53336267248FCBD3001090CB /* Project object */;
			proxyType = 1;
			remoteGlobalIDString = 5333626E248FCBD3001090CB;
			remoteInfo = Messenger;
		};
		53336291248FCBD4001090CB /* PBXContainerItemProxy */ = {
			isa = PBXContainerItemProxy;
			containerPortal = 53336267248FCBD3001090CB /* Project object */;
			proxyType = 1;
			remoteGlobalIDString = 5333626E248FCBD3001090CB;
			remoteInfo = Messenger;
		};
/* End PBXContainerItemProxy section */

/* Begin PBXFileReference section */
		008BF2447038B45A0A354F58 /* Pods-Messenger.debug.xcconfig */ = {isa = PBXFileReference; includeInIndex = 1; lastKnownFileType = text.xcconfig; name = "Pods-Messenger.debug.xcconfig"; path = "Target Support Files/Pods-Messenger/Pods-Messenger.debug.xcconfig"; sourceTree = "<group>"; };
		5333626F248FCBD3001090CB /* Messenger.app */ = {isa = PBXFileReference; explicitFileType = wrapper.application; includeInIndex = 0; path = Messenger.app; sourceTree = BUILT_PRODUCTS_DIR; };
		53336272248FCBD3001090CB /* AppDelegate.swift */ = {isa = PBXFileReference; lastKnownFileType = sourcecode.swift; path = AppDelegate.swift; sourceTree = "<group>"; };
		53336274248FCBD3001090CB /* SceneDelegate.swift */ = {isa = PBXFileReference; lastKnownFileType = sourcecode.swift; path = SceneDelegate.swift; sourceTree = "<group>"; };
		53336276248FCBD3001090CB /* ConversationsViewController.swift */ = {isa = PBXFileReference; lastKnownFileType = sourcecode.swift; path = ConversationsViewController.swift; sourceTree = "<group>"; };
		53336279248FCBD3001090CB /* Base */ = {isa = PBXFileReference; lastKnownFileType = file.storyboard; name = Base; path = Base.lproj/Main.storyboard; sourceTree = "<group>"; };
		5333627B248FCBD4001090CB /* Assets.xcassets */ = {isa = PBXFileReference; lastKnownFileType = folder.assetcatalog; path = Assets.xcassets; sourceTree = "<group>"; };
		5333627E248FCBD4001090CB /* Base */ = {isa = PBXFileReference; lastKnownFileType = file.storyboard; name = Base; path = Base.lproj/LaunchScreen.storyboard; sourceTree = "<group>"; };
		53336280248FCBD4001090CB /* Info.plist */ = {isa = PBXFileReference; lastKnownFileType = text.plist.xml; path = Info.plist; sourceTree = "<group>"; };
		53336285248FCBD4001090CB /* MessengerTests.xctest */ = {isa = PBXFileReference; explicitFileType = wrapper.cfbundle; includeInIndex = 0; path = MessengerTests.xctest; sourceTree = BUILT_PRODUCTS_DIR; };
		53336289248FCBD4001090CB /* MessengerTests.swift */ = {isa = PBXFileReference; lastKnownFileType = sourcecode.swift; path = MessengerTests.swift; sourceTree = "<group>"; };
		5333628B248FCBD4001090CB /* Info.plist */ = {isa = PBXFileReference; lastKnownFileType = text.plist.xml; path = Info.plist; sourceTree = "<group>"; };
		53336290248FCBD4001090CB /* MessengerUITests.xctest */ = {isa = PBXFileReference; explicitFileType = wrapper.cfbundle; includeInIndex = 0; path = MessengerUITests.xctest; sourceTree = BUILT_PRODUCTS_DIR; };
		53336294248FCBD4001090CB /* MessengerUITests.swift */ = {isa = PBXFileReference; lastKnownFileType = sourcecode.swift; path = MessengerUITests.swift; sourceTree = "<group>"; };
		53336296248FCBD4001090CB /* Info.plist */ = {isa = PBXFileReference; lastKnownFileType = text.plist.xml; path = Info.plist; sourceTree = "<group>"; };
		533362A8248FCE46001090CB /* LoginViewController.swift */ = {isa = PBXFileReference; lastKnownFileType = sourcecode.swift; path = LoginViewController.swift; sourceTree = "<group>"; };
		533362AA248FCE55001090CB /* RegisterViewController.swift */ = {isa = PBXFileReference; lastKnownFileType = sourcecode.swift; path = RegisterViewController.swift; sourceTree = "<group>"; };
		533362AC248FCE77001090CB /* PhotoViewerViewController.swift */ = {isa = PBXFileReference; lastKnownFileType = sourcecode.swift; path = PhotoViewerViewController.swift; sourceTree = "<group>"; };
		533362AE248FCE84001090CB /* VideoPlayerViewController.swift */ = {isa = PBXFileReference; lastKnownFileType = sourcecode.swift; path = VideoPlayerViewController.swift; sourceTree = "<group>"; };
		533362B0248FCE9D001090CB /* NewConversationViewController.swift */ = {isa = PBXFileReference; lastKnownFileType = sourcecode.swift; path = NewConversationViewController.swift; sourceTree = "<group>"; };
		533362B2248FCEB4001090CB /* ProfileViewController.swift */ = {isa = PBXFileReference; lastKnownFileType = sourcecode.swift; path = ProfileViewController.swift; sourceTree = "<group>"; };
		533362B5248FD579001090CB /* Extensions.swift */ = {isa = PBXFileReference; lastKnownFileType = sourcecode.swift; path = Extensions.swift; sourceTree = "<group>"; };
		534FB2642492677000DF32C3 /* GoogleService-Info.plist */ = {isa = PBXFileReference; fileEncoding = 4; lastKnownFileType = text.plist.xml; name = "GoogleService-Info.plist"; path = "../../../../Downloads/GoogleService-Info.plist"; sourceTree = "<group>"; };
		534FB2662493A1ED00DF32C3 /* DatabaseManager.swift */ = {isa = PBXFileReference; lastKnownFileType = sourcecode.swift; path = DatabaseManager.swift; sourceTree = "<group>"; };
		5377C1F02497ABD7001913A2 /* ChatViewController.swift */ = {isa = PBXFileReference; lastKnownFileType = sourcecode.swift; path = ChatViewController.swift; sourceTree = "<group>"; };
		E406361E4EB96AC678305380 /* Pods_Messenger.framework */ = {isa = PBXFileReference; explicitFileType = wrapper.framework; includeInIndex = 0; path = Pods_Messenger.framework; sourceTree = BUILT_PRODUCTS_DIR; };
		E4BA658FF7A7E0CE4090B417 /* Pods-Messenger.release.xcconfig */ = {isa = PBXFileReference; includeInIndex = 1; lastKnownFileType = text.xcconfig; name = "Pods-Messenger.release.xcconfig"; path = "Target Support Files/Pods-Messenger/Pods-Messenger.release.xcconfig"; sourceTree = "<group>"; };
/* End PBXFileReference section */

/* Begin PBXFrameworksBuildPhase section */
		5333626C248FCBD3001090CB /* Frameworks */ = {
			isa = PBXFrameworksBuildPhase;
			buildActionMask = 2147483647;
			files = (
				D6C2A533999A469E18BDE7A0 /* Pods_Messenger.framework in Frameworks */,
			);
			runOnlyForDeploymentPostprocessing = 0;
		};
		53336282248FCBD4001090CB /* Frameworks */ = {
			isa = PBXFrameworksBuildPhase;
			buildActionMask = 2147483647;
			files = (
			);
			runOnlyForDeploymentPostprocessing = 0;
		};
		5333628D248FCBD4001090CB /* Frameworks */ = {
			isa = PBXFrameworksBuildPhase;
			buildActionMask = 2147483647;
			files = (
			);
			runOnlyForDeploymentPostprocessing = 0;
		};
/* End PBXFrameworksBuildPhase section */

/* Begin PBXGroup section */
		53336266248FCBD3001090CB = {
			isa = PBXGroup;
			children = (
				53336271248FCBD3001090CB /* Messenger */,
				53336288248FCBD4001090CB /* MessengerTests */,
				53336293248FCBD4001090CB /* MessengerUITests */,
				53336270248FCBD3001090CB /* Products */,
				FD36599BBDB9FE30113B8952 /* Pods */,
				741FF4105AEDDF6E1DCB2555 /* Frameworks */,
			);
			sourceTree = "<group>";
		};
		53336270248FCBD3001090CB /* Products */ = {
			isa = PBXGroup;
			children = (
				5333626F248FCBD3001090CB /* Messenger.app */,
				53336285248FCBD4001090CB /* MessengerTests.xctest */,
				53336290248FCBD4001090CB /* MessengerUITests.xctest */,
			);
			name = Products;
			sourceTree = "<group>";
		};
		53336271248FCBD3001090CB /* Messenger */ = {
			isa = PBXGroup;
			children = (
				534FB2642492677000DF32C3 /* GoogleService-Info.plist */,
				533362A6248FCD62001090CB /* Resources */,
				533362A5248FCD5B001090CB /* ViewModels */,
				533362A4248FCD56001090CB /* Models */,
				533362A3248FCD50001090CB /* Views */,
				533362A2248FCD3F001090CB /* Controllers */,
				53336280248FCBD4001090CB /* Info.plist */,
			);
			path = Messenger;
			sourceTree = "<group>";
		};
		53336288248FCBD4001090CB /* MessengerTests */ = {
			isa = PBXGroup;
			children = (
				53336289248FCBD4001090CB /* MessengerTests.swift */,
				5333628B248FCBD4001090CB /* Info.plist */,
			);
			path = MessengerTests;
			sourceTree = "<group>";
		};
		53336293248FCBD4001090CB /* MessengerUITests */ = {
			isa = PBXGroup;
			children = (
				53336294248FCBD4001090CB /* MessengerUITests.swift */,
				53336296248FCBD4001090CB /* Info.plist */,
			);
			path = MessengerUITests;
			sourceTree = "<group>";
		};
		533362A2248FCD3F001090CB /* Controllers */ = {
			isa = PBXGroup;
			children = (
				53336276248FCBD3001090CB /* ConversationsViewController.swift */,
				533362B4248FD061001090CB /* Login */,
				533362AC248FCE77001090CB /* PhotoViewerViewController.swift */,
				533362AE248FCE84001090CB /* VideoPlayerViewController.swift */,
				533362B0248FCE9D001090CB /* NewConversationViewController.swift */,
				533362B2248FCEB4001090CB /* ProfileViewController.swift */,
				5377C1F02497ABD7001913A2 /* ChatViewController.swift */,
			);
			path = Controllers;
			sourceTree = "<group>";
		};
		533362A3248FCD50001090CB /* Views */ = {
			isa = PBXGroup;
			children = (
				533362A7248FCD7F001090CB /* Storyboards */,
				53336278248FCBD3001090CB /* Main.storyboard */,
				5333627B248FCBD4001090CB /* Assets.xcassets */,
				5333627D248FCBD4001090CB /* LaunchScreen.storyboard */,
			);
			path = Views;
			sourceTree = "<group>";
		};
		533362A4248FCD56001090CB /* Models */ = {
			isa = PBXGroup;
			children = (
			);
			path = Models;
			sourceTree = "<group>";
		};
		533362A5248FCD5B001090CB /* ViewModels */ = {
			isa = PBXGroup;
			children = (
			);
			path = ViewModels;
			sourceTree = "<group>";
		};
		533362A6248FCD62001090CB /* Resources */ = {
			isa = PBXGroup;
			children = (
				53336272248FCBD3001090CB /* AppDelegate.swift */,
				53336274248FCBD3001090CB /* SceneDelegate.swift */,
				533362B5248FD579001090CB /* Extensions.swift */,
				534FB2662493A1ED00DF32C3 /* DatabaseManager.swift */,
			);
			path = Resources;
			sourceTree = "<group>";
		};
		533362A7248FCD7F001090CB /* Storyboards */ = {
			isa = PBXGroup;
			children = (
			);
			path = Storyboards;
			sourceTree = "<group>";
		};
		533362B4248FD061001090CB /* Login */ = {
			isa = PBXGroup;
			children = (
				533362A8248FCE46001090CB /* LoginViewController.swift */,
				533362AA248FCE55001090CB /* RegisterViewController.swift */,
			);
			path = Login;
			sourceTree = "<group>";
		};
		741FF4105AEDDF6E1DCB2555 /* Frameworks */ = {
			isa = PBXGroup;
			children = (
				E406361E4EB96AC678305380 /* Pods_Messenger.framework */,
			);
			name = Frameworks;
			sourceTree = "<group>";
		};
		FD36599BBDB9FE30113B8952 /* Pods */ = {
			isa = PBXGroup;
			children = (
				008BF2447038B45A0A354F58 /* Pods-Messenger.debug.xcconfig */,
				E4BA658FF7A7E0CE4090B417 /* Pods-Messenger.release.xcconfig */,
			);
			path = Pods;
			sourceTree = "<group>";
		};
/* End PBXGroup section */

/* Begin PBXNativeTarget section */
		5333626E248FCBD3001090CB /* Messenger */ = {
			isa = PBXNativeTarget;
			buildConfigurationList = 53336299248FCBD4001090CB /* Build configuration list for PBXNativeTarget "Messenger" */;
			buildPhases = (
				1DBB6D6407F33FF74A01C5B8 /* [CP] Check Pods Manifest.lock */,
				5333626B248FCBD3001090CB /* Sources */,
				5333626C248FCBD3001090CB /* Frameworks */,
				5333626D248FCBD3001090CB /* Resources */,
				C49390225B1C4664DEF619EB /* [CP] Embed Pods Frameworks */,
				4978832E6E63584FDFB8577F /* [CP] Copy Pods Resources */,
			);
			buildRules = (
			);
			dependencies = (
			);
			name = Messenger;
			productName = Messenger;
			productReference = 5333626F248FCBD3001090CB /* Messenger.app */;
			productType = "com.apple.product-type.application";
		};
		53336284248FCBD4001090CB /* MessengerTests */ = {
			isa = PBXNativeTarget;
			buildConfigurationList = 5333629C248FCBD4001090CB /* Build configuration list for PBXNativeTarget "MessengerTests" */;
			buildPhases = (
				53336281248FCBD4001090CB /* Sources */,
				53336282248FCBD4001090CB /* Frameworks */,
				53336283248FCBD4001090CB /* Resources */,
			);
			buildRules = (
			);
			dependencies = (
				53336287248FCBD4001090CB /* PBXTargetDependency */,
			);
			name = MessengerTests;
			productName = MessengerTests;
			productReference = 53336285248FCBD4001090CB /* MessengerTests.xctest */;
			productType = "com.apple.product-type.bundle.unit-test";
		};
		5333628F248FCBD4001090CB /* MessengerUITests */ = {
			isa = PBXNativeTarget;
			buildConfigurationList = 5333629F248FCBD4001090CB /* Build configuration list for PBXNativeTarget "MessengerUITests" */;
			buildPhases = (
				5333628C248FCBD4001090CB /* Sources */,
				5333628D248FCBD4001090CB /* Frameworks */,
				5333628E248FCBD4001090CB /* Resources */,
			);
			buildRules = (
			);
			dependencies = (
				53336292248FCBD4001090CB /* PBXTargetDependency */,
			);
			name = MessengerUITests;
			productName = MessengerUITests;
			productReference = 53336290248FCBD4001090CB /* MessengerUITests.xctest */;
			productType = "com.apple.product-type.bundle.ui-testing";
		};
/* End PBXNativeTarget section */

/* Begin PBXProject section */
		53336267248FCBD3001090CB /* Project object */ = {
			isa = PBXProject;
			attributes = {
				LastSwiftUpdateCheck = 1150;
				LastUpgradeCheck = 1150;
				ORGANIZATIONNAME = "Jesse Russell";
				TargetAttributes = {
					5333626E248FCBD3001090CB = {
						CreatedOnToolsVersion = 11.5;
					};
					53336284248FCBD4001090CB = {
						CreatedOnToolsVersion = 11.5;
						TestTargetID = 5333626E248FCBD3001090CB;
					};
					5333628F248FCBD4001090CB = {
						CreatedOnToolsVersion = 11.5;
						TestTargetID = 5333626E248FCBD3001090CB;
					};
				};
			};
			buildConfigurationList = 5333626A248FCBD3001090CB /* Build configuration list for PBXProject "Messenger" */;
			compatibilityVersion = "Xcode 9.3";
			developmentRegion = en;
			hasScannedForEncodings = 0;
			knownRegions = (
				en,
				Base,
			);
			mainGroup = 53336266248FCBD3001090CB;
			productRefGroup = 53336270248FCBD3001090CB /* Products */;
			projectDirPath = "";
			projectRoot = "";
			targets = (
				5333626E248FCBD3001090CB /* Messenger */,
				53336284248FCBD4001090CB /* MessengerTests */,
				5333628F248FCBD4001090CB /* MessengerUITests */,
			);
		};
/* End PBXProject section */

/* Begin PBXResourcesBuildPhase section */
		5333626D248FCBD3001090CB /* Resources */ = {
			isa = PBXResourcesBuildPhase;
			buildActionMask = 2147483647;
			files = (
				5333627F248FCBD4001090CB /* LaunchScreen.storyboard in Resources */,
				534FB2652492677000DF32C3 /* GoogleService-Info.plist in Resources */,
				5333627C248FCBD4001090CB /* Assets.xcassets in Resources */,
				5333627A248FCBD3001090CB /* Main.storyboard in Resources */,
			);
			runOnlyForDeploymentPostprocessing = 0;
		};
		53336283248FCBD4001090CB /* Resources */ = {
			isa = PBXResourcesBuildPhase;
			buildActionMask = 2147483647;
			files = (
			);
			runOnlyForDeploymentPostprocessing = 0;
		};
		5333628E248FCBD4001090CB /* Resources */ = {
			isa = PBXResourcesBuildPhase;
			buildActionMask = 2147483647;
			files = (
			);
			runOnlyForDeploymentPostprocessing = 0;
		};
/* End PBXResourcesBuildPhase section */

/* Begin PBXShellScriptBuildPhase section */
		1DBB6D6407F33FF74A01C5B8 /* [CP] Check Pods Manifest.lock */ = {
			isa = PBXShellScriptBuildPhase;
			buildActionMask = 2147483647;
			files = (
			);
			inputFileListPaths = (
			);
			inputPaths = (
				"${PODS_PODFILE_DIR_PATH}/Podfile.lock",
				"${PODS_ROOT}/Manifest.lock",
			);
			name = "[CP] Check Pods Manifest.lock";
			outputFileListPaths = (
			);
			outputPaths = (
				"$(DERIVED_FILE_DIR)/Pods-Messenger-checkManifestLockResult.txt",
			);
			runOnlyForDeploymentPostprocessing = 0;
			shellPath = /bin/sh;
			shellScript = "diff \"${PODS_PODFILE_DIR_PATH}/Podfile.lock\" \"${PODS_ROOT}/Manifest.lock\" > /dev/null\nif [ $? != 0 ] ; then\n    # print error to STDERR\n    echo \"error: The sandbox is not in sync with the Podfile.lock. Run 'pod install' or update your CocoaPods installation.\" >&2\n    exit 1\nfi\n# This output is used by Xcode 'outputs' to avoid re-running this script phase.\necho \"SUCCESS\" > \"${SCRIPT_OUTPUT_FILE_0}\"\n";
			showEnvVarsInLog = 0;
		};
		4978832E6E63584FDFB8577F /* [CP] Copy Pods Resources */ = {
			isa = PBXShellScriptBuildPhase;
			buildActionMask = 2147483647;
			files = (
			);
			inputFileListPaths = (
				"${PODS_ROOT}/Target Support Files/Pods-Messenger/Pods-Messenger-resources-${CONFIGURATION}-input-files.xcfilelist",
			);
			name = "[CP] Copy Pods Resources";
			outputFileListPaths = (
				"${PODS_ROOT}/Target Support Files/Pods-Messenger/Pods-Messenger-resources-${CONFIGURATION}-output-files.xcfilelist",
			);
			runOnlyForDeploymentPostprocessing = 0;
			shellPath = /bin/sh;
			shellScript = "\"${PODS_ROOT}/Target Support Files/Pods-Messenger/Pods-Messenger-resources.sh\"\n";
			showEnvVarsInLog = 0;
		};
		C49390225B1C4664DEF619EB /* [CP] Embed Pods Frameworks */ = {
			isa = PBXShellScriptBuildPhase;
			buildActionMask = 2147483647;
			files = (
			);
			inputFileListPaths = (
				"${PODS_ROOT}/Target Support Files/Pods-Messenger/Pods-Messenger-frameworks-${CONFIGURATION}-input-files.xcfilelist",
			);
			name = "[CP] Embed Pods Frameworks";
			outputFileListPaths = (
				"${PODS_ROOT}/Target Support Files/Pods-Messenger/Pods-Messenger-frameworks-${CONFIGURATION}-output-files.xcfilelist",
			);
			runOnlyForDeploymentPostprocessing = 0;
			shellPath = /bin/sh;
			shellScript = "\"${PODS_ROOT}/Target Support Files/Pods-Messenger/Pods-Messenger-frameworks.sh\"\n";
			showEnvVarsInLog = 0;
		};
/* End PBXShellScriptBuildPhase section */

/* Begin PBXSourcesBuildPhase section */
		5333626B248FCBD3001090CB /* Sources */ = {
			isa = PBXSourcesBuildPhase;
			buildActionMask = 2147483647;
			files = (
				533362A9248FCE46001090CB /* LoginViewController.swift in Sources */,
				534FB2672493A1ED00DF32C3 /* DatabaseManager.swift in Sources */,
				533362AB248FCE55001090CB /* RegisterViewController.swift in Sources */,
				533362B1248FCE9D001090CB /* NewConversationViewController.swift in Sources */,
				53336277248FCBD3001090CB /* ConversationsViewController.swift in Sources */,
				533362AF248FCE84001090CB /* VideoPlayerViewController.swift in Sources */,
				533362B6248FD579001090CB /* Extensions.swift in Sources */,
				53336273248FCBD3001090CB /* AppDelegate.swift in Sources */,
				533362B3248FCEB4001090CB /* ProfileViewController.swift in Sources */,
				53336275248FCBD3001090CB /* SceneDelegate.swift in Sources */,
				5377C1F12497ABD7001913A2 /* ChatViewController.swift in Sources */,
				533362AD248FCE77001090CB /* PhotoViewerViewController.swift in Sources */,
			);
			runOnlyForDeploymentPostprocessing = 0;
		};
		53336281248FCBD4001090CB /* Sources */ = {
			isa = PBXSourcesBuildPhase;
			buildActionMask = 2147483647;
			files = (
				5333628A248FCBD4001090CB /* MessengerTests.swift in Sources */,
			);
			runOnlyForDeploymentPostprocessing = 0;
		};
		5333628C248FCBD4001090CB /* Sources */ = {
			isa = PBXSourcesBuildPhase;
			buildActionMask = 2147483647;
			files = (
				53336295248FCBD4001090CB /* MessengerUITests.swift in Sources */,
			);
			runOnlyForDeploymentPostprocessing = 0;
		};
/* End PBXSourcesBuildPhase section */

/* Begin PBXTargetDependency section */
		53336287248FCBD4001090CB /* PBXTargetDependency */ = {
			isa = PBXTargetDependency;
			target = 5333626E248FCBD3001090CB /* Messenger */;
			targetProxy = 53336286248FCBD4001090CB /* PBXContainerItemProxy */;
		};
		53336292248FCBD4001090CB /* PBXTargetDependency */ = {
			isa = PBXTargetDependency;
			target = 5333626E248FCBD3001090CB /* Messenger */;
			targetProxy = 53336291248FCBD4001090CB /* PBXContainerItemProxy */;
		};
/* End PBXTargetDependency section */

/* Begin PBXVariantGroup section */
		53336278248FCBD3001090CB /* Main.storyboard */ = {
			isa = PBXVariantGroup;
			children = (
				53336279248FCBD3001090CB /* Base */,
			);
			name = Main.storyboard;
			sourceTree = "<group>";
		};
		5333627D248FCBD4001090CB /* LaunchScreen.storyboard */ = {
			isa = PBXVariantGroup;
			children = (
				5333627E248FCBD4001090CB /* Base */,
			);
			name = LaunchScreen.storyboard;
			sourceTree = "<group>";
		};
/* End PBXVariantGroup section */

/* Begin XCBuildConfiguration section */
		53336297248FCBD4001090CB /* Debug */ = {
			isa = XCBuildConfiguration;
			buildSettings = {
				ALWAYS_SEARCH_USER_PATHS = NO;
				CLANG_ANALYZER_NONNULL = YES;
				CLANG_ANALYZER_NUMBER_OBJECT_CONVERSION = YES_AGGRESSIVE;
				CLANG_CXX_LANGUAGE_STANDARD = "gnu++14";
				CLANG_CXX_LIBRARY = "libc++";
				CLANG_ENABLE_MODULES = YES;
				CLANG_ENABLE_OBJC_ARC = YES;
				CLANG_ENABLE_OBJC_WEAK = YES;
				CLANG_WARN_BLOCK_CAPTURE_AUTORELEASING = YES;
				CLANG_WARN_BOOL_CONVERSION = YES;
				CLANG_WARN_COMMA = YES;
				CLANG_WARN_CONSTANT_CONVERSION = YES;
				CLANG_WARN_DEPRECATED_OBJC_IMPLEMENTATIONS = YES;
				CLANG_WARN_DIRECT_OBJC_ISA_USAGE = YES_ERROR;
				CLANG_WARN_DOCUMENTATION_COMMENTS = YES;
				CLANG_WARN_EMPTY_BODY = YES;
				CLANG_WARN_ENUM_CONVERSION = YES;
				CLANG_WARN_INFINITE_RECURSION = YES;
				CLANG_WARN_INT_CONVERSION = YES;
				CLANG_WARN_NON_LITERAL_NULL_CONVERSION = YES;
				CLANG_WARN_OBJC_IMPLICIT_RETAIN_SELF = YES;
				CLANG_WARN_OBJC_LITERAL_CONVERSION = YES;
				CLANG_WARN_OBJC_ROOT_CLASS = YES_ERROR;
				CLANG_WARN_RANGE_LOOP_ANALYSIS = YES;
				CLANG_WARN_STRICT_PROTOTYPES = YES;
				CLANG_WARN_SUSPICIOUS_MOVE = YES;
				CLANG_WARN_UNGUARDED_AVAILABILITY = YES_AGGRESSIVE;
				CLANG_WARN_UNREACHABLE_CODE = YES;
				CLANG_WARN__DUPLICATE_METHOD_MATCH = YES;
				COPY_PHASE_STRIP = NO;
				DEBUG_INFORMATION_FORMAT = dwarf;
				ENABLE_STRICT_OBJC_MSGSEND = YES;
				ENABLE_TESTABILITY = YES;
				GCC_C_LANGUAGE_STANDARD = gnu11;
				GCC_DYNAMIC_NO_PIC = NO;
				GCC_NO_COMMON_BLOCKS = YES;
				GCC_OPTIMIZATION_LEVEL = 0;
				GCC_PREPROCESSOR_DEFINITIONS = (
					"DEBUG=1",
					"$(inherited)",
				);
				GCC_WARN_64_TO_32_BIT_CONVERSION = YES;
				GCC_WARN_ABOUT_RETURN_TYPE = YES_ERROR;
				GCC_WARN_UNDECLARED_SELECTOR = YES;
				GCC_WARN_UNINITIALIZED_AUTOS = YES_AGGRESSIVE;
				GCC_WARN_UNUSED_FUNCTION = YES;
				GCC_WARN_UNUSED_VARIABLE = YES;
				IPHONEOS_DEPLOYMENT_TARGET = 13.5;
				MTL_ENABLE_DEBUG_INFO = INCLUDE_SOURCE;
				MTL_FAST_MATH = YES;
				ONLY_ACTIVE_ARCH = YES;
				SDKROOT = iphoneos;
				SWIFT_ACTIVE_COMPILATION_CONDITIONS = DEBUG;
				SWIFT_OPTIMIZATION_LEVEL = "-Onone";
			};
			name = Debug;
		};
		53336298248FCBD4001090CB /* Release */ = {
			isa = XCBuildConfiguration;
			buildSettings = {
				ALWAYS_SEARCH_USER_PATHS = NO;
				CLANG_ANALYZER_NONNULL = YES;
				CLANG_ANALYZER_NUMBER_OBJECT_CONVERSION = YES_AGGRESSIVE;
				CLANG_CXX_LANGUAGE_STANDARD = "gnu++14";
				CLANG_CXX_LIBRARY = "libc++";
				CLANG_ENABLE_MODULES = YES;
				CLANG_ENABLE_OBJC_ARC = YES;
				CLANG_ENABLE_OBJC_WEAK = YES;
				CLANG_WARN_BLOCK_CAPTURE_AUTORELEASING = YES;
				CLANG_WARN_BOOL_CONVERSION = YES;
				CLANG_WARN_COMMA = YES;
				CLANG_WARN_CONSTANT_CONVERSION = YES;
				CLANG_WARN_DEPRECATED_OBJC_IMPLEMENTATIONS = YES;
				CLANG_WARN_DIRECT_OBJC_ISA_USAGE = YES_ERROR;
				CLANG_WARN_DOCUMENTATION_COMMENTS = YES;
				CLANG_WARN_EMPTY_BODY = YES;
				CLANG_WARN_ENUM_CONVERSION = YES;
				CLANG_WARN_INFINITE_RECURSION = YES;
				CLANG_WARN_INT_CONVERSION = YES;
				CLANG_WARN_NON_LITERAL_NULL_CONVERSION = YES;
				CLANG_WARN_OBJC_IMPLICIT_RETAIN_SELF = YES;
				CLANG_WARN_OBJC_LITERAL_CONVERSION = YES;
				CLANG_WARN_OBJC_ROOT_CLASS = YES_ERROR;
				CLANG_WARN_RANGE_LOOP_ANALYSIS = YES;
				CLANG_WARN_STRICT_PROTOTYPES = YES;
				CLANG_WARN_SUSPICIOUS_MOVE = YES;
				CLANG_WARN_UNGUARDED_AVAILABILITY = YES_AGGRESSIVE;
				CLANG_WARN_UNREACHABLE_CODE = YES;
				CLANG_WARN__DUPLICATE_METHOD_MATCH = YES;
				COPY_PHASE_STRIP = NO;
				DEBUG_INFORMATION_FORMAT = "dwarf-with-dsym";
				ENABLE_NS_ASSERTIONS = NO;
				ENABLE_STRICT_OBJC_MSGSEND = YES;
				GCC_C_LANGUAGE_STANDARD = gnu11;
				GCC_NO_COMMON_BLOCKS = YES;
				GCC_WARN_64_TO_32_BIT_CONVERSION = YES;
				GCC_WARN_ABOUT_RETURN_TYPE = YES_ERROR;
				GCC_WARN_UNDECLARED_SELECTOR = YES;
				GCC_WARN_UNINITIALIZED_AUTOS = YES_AGGRESSIVE;
				GCC_WARN_UNUSED_FUNCTION = YES;
				GCC_WARN_UNUSED_VARIABLE = YES;
				IPHONEOS_DEPLOYMENT_TARGET = 13.5;
				MTL_ENABLE_DEBUG_INFO = NO;
				MTL_FAST_MATH = YES;
				SDKROOT = iphoneos;
				SWIFT_COMPILATION_MODE = wholemodule;
				SWIFT_OPTIMIZATION_LEVEL = "-O";
				VALIDATE_PRODUCT = YES;
			};
			name = Release;
		};
		5333629A248FCBD4001090CB /* Debug */ = {
			isa = XCBuildConfiguration;
			baseConfigurationReference = 008BF2447038B45A0A354F58 /* Pods-Messenger.debug.xcconfig */;
			buildSettings = {
				ASSETCATALOG_COMPILER_APPICON_NAME = AppIcon;
				CODE_SIGN_STYLE = Automatic;
				DEVELOPMENT_TEAM = 82JKRA6K77;
				INFOPLIST_FILE = Messenger/Info.plist;
				LD_RUNPATH_SEARCH_PATHS = (
					"$(inherited)",
					"@executable_path/Frameworks",
				);
				PRODUCT_BUNDLE_IDENTIFIER = jruss.Messenger;
				PRODUCT_NAME = "$(TARGET_NAME)";
				SWIFT_VERSION = 5.0;
				TARGETED_DEVICE_FAMILY = "1,2";
			};
			name = Debug;
		};
		5333629B248FCBD4001090CB /* Release */ = {
			isa = XCBuildConfiguration;
			baseConfigurationReference = E4BA658FF7A7E0CE4090B417 /* Pods-Messenger.release.xcconfig */;
			buildSettings = {
				ASSETCATALOG_COMPILER_APPICON_NAME = AppIcon;
				CODE_SIGN_STYLE = Automatic;
				DEVELOPMENT_TEAM = 82JKRA6K77;
				INFOPLIST_FILE = Messenger/Info.plist;
				LD_RUNPATH_SEARCH_PATHS = (
					"$(inherited)",
					"@executable_path/Frameworks",
				);
				PRODUCT_BUNDLE_IDENTIFIER = jruss.Messenger;
				PRODUCT_NAME = "$(TARGET_NAME)";
				SWIFT_VERSION = 5.0;
				TARGETED_DEVICE_FAMILY = "1,2";
			};
			name = Release;
		};
		5333629D248FCBD4001090CB /* Debug */ = {
			isa = XCBuildConfiguration;
			buildSettings = {
				ALWAYS_EMBED_SWIFT_STANDARD_LIBRARIES = YES;
				BUNDLE_LOADER = "$(TEST_HOST)";
				CODE_SIGN_STYLE = Automatic;
				DEVELOPMENT_TEAM = 82JKRA6K77;
				INFOPLIST_FILE = MessengerTests/Info.plist;
				IPHONEOS_DEPLOYMENT_TARGET = 13.5;
				LD_RUNPATH_SEARCH_PATHS = (
					"$(inherited)",
					"@executable_path/Frameworks",
					"@loader_path/Frameworks",
				);
				PRODUCT_BUNDLE_IDENTIFIER = jruss.MessengerTests;
				PRODUCT_NAME = "$(TARGET_NAME)";
				SWIFT_VERSION = 5.0;
				TARGETED_DEVICE_FAMILY = "1,2";
				TEST_HOST = "$(BUILT_PRODUCTS_DIR)/Messenger.app/Messenger";
			};
			name = Debug;
		};
		5333629E248FCBD4001090CB /* Release */ = {
			isa = XCBuildConfiguration;
			buildSettings = {
				ALWAYS_EMBED_SWIFT_STANDARD_LIBRARIES = YES;
				BUNDLE_LOADER = "$(TEST_HOST)";
				CODE_SIGN_STYLE = Automatic;
				DEVELOPMENT_TEAM = 82JKRA6K77;
				INFOPLIST_FILE = MessengerTests/Info.plist;
				IPHONEOS_DEPLOYMENT_TARGET = 13.5;
				LD_RUNPATH_SEARCH_PATHS = (
					"$(inherited)",
					"@executable_path/Frameworks",
					"@loader_path/Frameworks",
				);
				PRODUCT_BUNDLE_IDENTIFIER = jruss.MessengerTests;
				PRODUCT_NAME = "$(TARGET_NAME)";
				SWIFT_VERSION = 5.0;
				TARGETED_DEVICE_FAMILY = "1,2";
				TEST_HOST = "$(BUILT_PRODUCTS_DIR)/Messenger.app/Messenger";
			};
			name = Release;
		};
		533362A0248FCBD4001090CB /* Debug */ = {
			isa = XCBuildConfiguration;
			buildSettings = {
				ALWAYS_EMBED_SWIFT_STANDARD_LIBRARIES = YES;
				CODE_SIGN_STYLE = Automatic;
				DEVELOPMENT_TEAM = 82JKRA6K77;
				INFOPLIST_FILE = MessengerUITests/Info.plist;
				LD_RUNPATH_SEARCH_PATHS = (
					"$(inherited)",
					"@executable_path/Frameworks",
					"@loader_path/Frameworks",
				);
				PRODUCT_BUNDLE_IDENTIFIER = jruss.MessengerUITests;
				PRODUCT_NAME = "$(TARGET_NAME)";
				SWIFT_VERSION = 5.0;
				TARGETED_DEVICE_FAMILY = "1,2";
				TEST_TARGET_NAME = Messenger;
			};
			name = Debug;
		};
		533362A1248FCBD4001090CB /* Release */ = {
			isa = XCBuildConfiguration;
			buildSettings = {
				ALWAYS_EMBED_SWIFT_STANDARD_LIBRARIES = YES;
				CODE_SIGN_STYLE = Automatic;
				DEVELOPMENT_TEAM = 82JKRA6K77;
				INFOPLIST_FILE = MessengerUITests/Info.plist;
				LD_RUNPATH_SEARCH_PATHS = (
					"$(inherited)",
					"@executable_path/Frameworks",
					"@loader_path/Frameworks",
				);
				PRODUCT_BUNDLE_IDENTIFIER = jruss.MessengerUITests;
				PRODUCT_NAME = "$(TARGET_NAME)";
				SWIFT_VERSION = 5.0;
				TARGETED_DEVICE_FAMILY = "1,2";
				TEST_TARGET_NAME = Messenger;
			};
			name = Release;
		};
/* End XCBuildConfiguration section */

/* Begin XCConfigurationList section */
		5333626A248FCBD3001090CB /* Build configuration list for PBXProject "Messenger" */ = {
			isa = XCConfigurationList;
			buildConfigurations = (
				53336297248FCBD4001090CB /* Debug */,
				53336298248FCBD4001090CB /* Release */,
			);
			defaultConfigurationIsVisible = 0;
			defaultConfigurationName = Release;
		};
		53336299248FCBD4001090CB /* Build configuration list for PBXNativeTarget "Messenger" */ = {
			isa = XCConfigurationList;
			buildConfigurations = (
				5333629A248FCBD4001090CB /* Debug */,
				5333629B248FCBD4001090CB /* Release */,
			);
			defaultConfigurationIsVisible = 0;
			defaultConfigurationName = Release;
		};
		5333629C248FCBD4001090CB /* Build configuration list for PBXNativeTarget "MessengerTests" */ = {
			isa = XCConfigurationList;
			buildConfigurations = (
				5333629D248FCBD4001090CB /* Debug */,
				5333629E248FCBD4001090CB /* Release */,
			);
			defaultConfigurationIsVisible = 0;
			defaultConfigurationName = Release;
		};
		5333629F248FCBD4001090CB /* Build configuration list for PBXNativeTarget "MessengerUITests" */ = {
			isa = XCConfigurationList;
			buildConfigurations = (
				533362A0248FCBD4001090CB /* Debug */,
				533362A1248FCBD4001090CB /* Release */,
			);
			defaultConfigurationIsVisible = 0;
			defaultConfigurationName = Release;
		};
/* End XCConfigurationList section */
	};
	rootObject = 53336267248FCBD3001090CB /* Project object */;
}
